# THIS IS AN AUTOGENERATED FILE. DO NOT EDIT THIS FILE DIRECTLY.
# yarn lockfile v1


animate.css@^3.7.1:
  version "3.7.1"
  resolved "https://registry.npm.taobao.org/animate.css/download/animate.css-3.7.1.tgz#07da14b94185b73f06fcb90faeddb97846b2d481"
  integrity sha1-B9oUuUGFtz8G/LkPrt25eEay1IE=

velocity-animate@^2.0.5:
  version "2.0.5"
  resolved "https://registry.npm.taobao.org/velocity-animate/download/velocity-animate-2.0.5.tgz#35130c89887b3e9cfaa26b515b921dec9d2e2a57"
  integrity sha1-NRMMiYh7Ppz6omtRW5Id7J0uKlc=

vue@^2.6.10:
  version "2.6.10"
  resolved "https://registry.npm.taobao.org/vue/download/vue-2.6.10.tgz#a72b1a42a4d82a721ea438d1b6bf55e66195c637"
  integrity sha1-pysaQqTYKnIepDjRtr9V5mGVxjc=
