# THIS IS AN AUTOGENERATED FILE. DO NOT EDIT THIS FILE DIRECTLY.
# yarn lockfile v1


cross-env@^6.0.3:
  version "6.0.3"
  resolved "https://registry.npm.taobao.org/cross-env/download/cross-env-6.0.3.tgz?cache=0&other_urls=https%3A%2F%2Fregistry.npm.taobao.org%2Fcross-env%2Fdownload%2Fcross-env-6.0.3.tgz#4256b71e49b3a40637a0ce70768a6ef5c72ae941"
  integrity sha1-Qla3HkmzpAY3oM5wdopu9ccq6UE=
  dependencies:
    cross-spawn "^7.0.0"

cross-spawn@^7.0.0:
  version "7.0.0"
  resolved "https://registry.npm.taobao.org/cross-spawn/download/cross-spawn-7.0.0.tgz?cache=0&sync_timestamp=1567511270254&other_urls=https%3A%2F%2Fregistry.npm.taobao.org%2Fcross-spawn%2Fdownload%2Fcross-spawn-7.0.0.tgz#21ef9470443262f33dba80b2705a91db959b2e03"
  integrity sha1-Ie+UcEQyYvM9uoCycFqR25WbLgM=
  dependencies:
    path-key "^3.1.0"
    shebang-command "^1.2.0"
    which "^1.2.9"

isexe@^2.0.0:
  version "2.0.0"
  resolved "https://registry.npm.taobao.org/isexe/download/isexe-2.0.0.tgz?cache=0&other_urls=https%3A%2F%2Fregistry.npm.taobao.org%2Fisexe%2Fdownload%2Fisexe-2.0.0.tgz#e8fbf374dc556ff8947a10dcb0572d633f2cfa10"
  integrity sha1-6PvzdNxVb/iUehDcsFctYz8s+hA=

path-key@^3.1.0:
  version "3.1.0"
  resolved "https://registry.npm.taobao.org/path-key/download/path-key-3.1.0.tgz#99a10d870a803bdd5ee6f0470e58dfcd2f9a54d3"
  integrity sha1-maENhwqAO91e5vBHDljfzS+aVNM=

shebang-command@^1.2.0:
  version "1.2.0"
  resolved "https://registry.npm.taobao.org/shebang-command/download/shebang-command-1.2.0.tgz#44aac65b695b03398968c39f363fee5deafdf1ea"
  integrity sha1-RKrGW2lbAzmJaMOfNj/uXer98eo=
  dependencies:
    shebang-regex "^1.0.0"

shebang-regex@^1.0.0:
  version "1.0.0"
  resolved "https://registry.npm.taobao.org/shebang-regex/download/shebang-regex-1.0.0.tgz#da42f49740c0b42db2ca9728571cb190c98efea3"
  integrity sha1-2kL0l0DAtC2yypcoVxyxkMmO/qM=

which@^1.2.9:
  version "1.3.1"
  resolved "https://registry.npm.taobao.org/which/download/which-1.3.1.tgz?cache=0&sync_timestamp=1570145314160&other_urls=https%3A%2F%2Fregistry.npm.taobao.org%2Fwhich%2Fdownload%2Fwhich-1.3.1.tgz#a45043d54f5805316da8d62f9f50918d3da70b0a"
  integrity sha1-pFBD1U9YBTFtqNYvn1CRjT2nCwo=
  dependencies:
    isexe "^2.0.0"
